
Microsoft Visual Studio Solution File, Format Version 12.00
# Visual Studio Version 17
VisualStudioVersion = 17.11.35303.130
MinimumVisualStudioVersion = 10.0.40219.1
Project("{FAE04EC0-301F-11D3-BF4B-00C04F79EFBC}") = "kontroluyg", "kontroluyg.csproj", "{9E25D387-0861-4794-891B-D2999708F936}"
EndProject
Global
	GlobalSection(SolutionConfigurationPlatforms) = preSolution
		Debug|Any CPU = Debug|Any CPU
		Release|Any CPU = Release|Any CPU
	EndGlobalSection
	GlobalSection(ProjectConfigurationPlatforms) = postSolution
		{9E25D387-0861-4794-891B-D2999708F936}.Debug|Any CPU.ActiveCfg = Debug|Any CPU
		{9E25D387-0861-4794-891B-D2999708F936}.Debug|Any CPU.Build.0 = Debug|Any CPU
		{9E25D387-0861-4794-891B-D2999708F936}.Release|Any CPU.ActiveCfg = Release|Any CPU
		{9E25D387-0861-4794-891B-D2999708F936}.Release|Any CPU.Build.0 = Release|Any CPU
	EndGlobalSection
	GlobalSection(SolutionProperties) = preSolution
		HideSolutionNode = FALSE
	EndGlobalSection
	GlobalSection(ExtensibilityGlobals) = postSolution
		SolutionGuid = {2BF32DA6-D0CE-4A4D-B2EB-3F45ED5B275B}
	EndGlobalSection
EndGlobal
